
Microsoft Visual Studio Solution File, Format Version 12.00
# Visual Studio Version 16
VisualStudioVersion = 16.0.30204.135
MinimumVisualStudioVersion = 10.0.40219.1
Project("{8BC9CEB8-8B4A-11D0-8D11-00A0C91BC942}") = "20200623", "20200623\20200623.vcxproj", "{79990985-5328-4AC3-B8F5-EA0E01A72BB1}"
EndProject
Global
	GlobalSection(SolutionConfigurationPlatforms) = preSolution
		Debug|x64 = Debug|x64
		Debug|x86 = Debug|x86
		Release|x64 = Release|x64
		Release|x86 = Release|x86
	EndGlobalSection
	GlobalSection(ProjectConfigurationPlatforms) = postSolution
		{79990985-5328-4AC3-B8F5-EA0E01A72BB1}.Debug|x64.ActiveCfg = Debug|x64
		{79990985-5328-4AC3-B8F5-EA0E01A72BB1}.Debug|x64.Build.0 = Debug|x64
		{79990985-5328-4AC3-B8F5-EA0E01A72BB1}.Debug|x86.ActiveCfg = Debug|Win32
		{79990985-5328-4AC3-B8F5-EA0E01A72BB1}.Debug|x86.Build.0 = Debug|Win32
		{79990985-5328-4AC3-B8F5-EA0E01A72BB1}.Release|x64.ActiveCfg = Release|x64
		{79990985-5328-4AC3-B8F5-EA0E01A72BB1}.Release|x64.Build.0 = Release|x64
		{79990985-5328-4AC3-B8F5-EA0E01A72BB1}.Release|x86.ActiveCfg = Release|Win32
		{79990985-5328-4AC3-B8F5-EA0E01A72BB1}.Release|x86.Build.0 = Release|Win32
	EndGlobalSection
	GlobalSection(SolutionProperties) = preSolution
		HideSolutionNode = FALSE
	EndGlobalSection
	GlobalSection(ExtensibilityGlobals) = postSolution
		SolutionGuid = {6F199912-2BF0-4520-8CC1-A2B9917D80BC}
	EndGlobalSection
EndGlobal
